
Microsoft Visual Studio Solution File, Format Version 12.00
# Visual Studio Version 17
VisualStudioVersion = 17.9.34701.34
MinimumVisualStudioVersion = 10.0.40219.1
Project("{9A19103F-16F7-4668-BE54-9A1E7A4F7556}") = "ContactManager", "ContactManager\ContactManager.csproj", "{CBEA8FE6-045B-4E05-A287-5360558AB6CC}"
EndProject
Global
	GlobalSection(SolutionConfigurationPlatforms) = preSolution
		Debug|Any CPU = Debug|Any CPU
		Release|Any CPU = Release|Any CPU
	EndGlobalSection
	GlobalSection(ProjectConfigurationPlatforms) = postSolution
		{CBEA8FE6-045B-4E05-A287-5360558AB6CC}.Debug|Any CPU.ActiveCfg = Debug|Any CPU
		{CBEA8FE6-045B-4E05-A287-5360558AB6CC}.Debug|Any CPU.Build.0 = Debug|Any CPU
		{CBEA8FE6-045B-4E05-A287-5360558AB6CC}.Release|Any CPU.ActiveCfg = Release|Any CPU
		{CBEA8FE6-045B-4E05-A287-5360558AB6CC}.Release|Any CPU.Build.0 = Release|Any CPU
	EndGlobalSection
	GlobalSection(SolutionProperties) = preSolution
		HideSolutionNode = FALSE
	EndGlobalSection
	GlobalSection(ExtensibilityGlobals) = postSolution
		SolutionGuid = {D1BE5D02-9973-4A8C-A0BE-1ED883616D86}
	EndGlobalSection
EndGlobal
